
Microsoft Visual Studio Solution File, Format Version 12.00
# Visual Studio Version 17
VisualStudioVersion = 17.1.32407.343
MinimumVisualStudioVersion = 10.0.40219.1
Project("{9A19103F-16F7-4668-BE54-9A1E7A4F7556}") = "IsomorphicStrings", "IsomorphicStrings\IsomorphicStrings.csproj", "{E024183A-2D68-4B90-B479-66C8F91BEF15}"
EndProject
Project("{9A19103F-16F7-4668-BE54-9A1E7A4F7556}") = "BigO", "BigO\BigO.csproj", "{7CBCAEA2-41A8-44DD-BB55-C7E306DFF5DA}"
EndProject
Project("{9A19103F-16F7-4668-BE54-9A1E7A4F7556}") = "HelperStuff", "HelperStuff\HelperStuff.csproj", "{F8B7D65D-9483-4651-889F-A211604FEED3}"
EndProject
Project("{9A19103F-16F7-4668-BE54-9A1E7A4F7556}") = "SortingLibrary", "SortingLibrary\SortingLibrary.csproj", "{97640865-46A9-43DA-BF28-3482F3794502}"
EndProject
Project("{9A19103F-16F7-4668-BE54-9A1E7A4F7556}") = "MyTest", "MyTest\MyTest.csproj", "{8E734402-F3A4-4395-816B-FFE8695E0399}"
	ProjectSection(ProjectDependencies) = postProject
		{AD3D9D54-0B39-45E0-9502-19E68CA096A3} = {AD3D9D54-0B39-45E0-9502-19E68CA096A3}
		{5302E565-4D74-4D1F-8B23-27BD8D94F43C} = {5302E565-4D74-4D1F-8B23-27BD8D94F43C}
	EndProjectSection
EndProject
Project("{9A19103F-16F7-4668-BE54-9A1E7A4F7556}") = "CodeWars2", "CodeWars2\CodeWars2.csproj", "{E0D367ED-4695-46B2-8E6B-68BEC35F9431}"
EndProject
Project("{9A19103F-16F7-4668-BE54-9A1E7A4F7556}") = "CodeWars3", "CodeWars3\CodeWars3.csproj", "{AD3D9D54-0B39-45E0-9502-19E68CA096A3}"
EndProject
Project("{9A19103F-16F7-4668-BE54-9A1E7A4F7556}") = "N Queens", "N Queens\N Queens.csproj", "{426AFDA8-6E99-4D55-9B27-134EB2843165}"
EndProject
Project("{FAE04EC0-301F-11D3-BF4B-00C04F79EFBC}") = "CodeWars4", "CodeWars4\CodeWars4.csproj", "{5302E565-4D74-4D1F-8B23-27BD8D94F43C}"
EndProject
Global
	GlobalSection(SolutionConfigurationPlatforms) = preSolution
		Debug|Any CPU = Debug|Any CPU
		Debug|x64 = Debug|x64
		Debug|x86 = Debug|x86
		Release|Any CPU = Release|Any CPU
		Release|x64 = Release|x64
		Release|x86 = Release|x86
	EndGlobalSection
	GlobalSection(ProjectConfigurationPlatforms) = postSolution
		{E024183A-2D68-4B90-B479-66C8F91BEF15}.Debug|Any CPU.ActiveCfg = Debug|Any CPU
		{E024183A-2D68-4B90-B479-66C8F91BEF15}.Debug|Any CPU.Build.0 = Debug|Any CPU
		{E024183A-2D68-4B90-B479-66C8F91BEF15}.Debug|x64.ActiveCfg = Debug|Any CPU
		{E024183A-2D68-4B90-B479-66C8F91BEF15}.Debug|x64.Build.0 = Debug|Any CPU
		{E024183A-2D68-4B90-B479-66C8F91BEF15}.Debug|x86.ActiveCfg = Debug|Any CPU
		{E024183A-2D68-4B90-B479-66C8F91BEF15}.Debug|x86.Build.0 = Debug|Any CPU
		{E024183A-2D68-4B90-B479-66C8F91BEF15}.Release|Any CPU.ActiveCfg = Release|Any CPU
		{E024183A-2D68-4B90-B479-66C8F91BEF15}.Release|Any CPU.Build.0 = Release|Any CPU
		{E024183A-2D68-4B90-B479-66C8F91BEF15}.Release|x64.ActiveCfg = Release|Any CPU
		{E024183A-2D68-4B90-B479-66C8F91BEF15}.Release|x64.Build.0 = Release|Any CPU
		{E024183A-2D68-4B90-B479-66C8F91BEF15}.Release|x86.ActiveCfg = Release|Any CPU
		{E024183A-2D68-4B90-B479-66C8F91BEF15}.Release|x86.Build.0 = Release|Any CPU
		{7CBCAEA2-41A8-44DD-BB55-C7E306DFF5DA}.Debug|Any CPU.ActiveCfg = Debug|Any CPU
		{7CBCAEA2-41A8-44DD-BB55-C7E306DFF5DA}.Debug|Any CPU.Build.0 = Debug|Any CPU
		{7CBCAEA2-41A8-44DD-BB55-C7E306DFF5DA}.Debug|x64.ActiveCfg = Debug|Any CPU
		{7CBCAEA2-41A8-44DD-BB55-C7E306DFF5DA}.Debug|x64.Build.0 = Debug|Any CPU
		{7CBCAEA2-41A8-44DD-BB55-C7E306DFF5DA}.Debug|x86.ActiveCfg = Debug|Any CPU
		{7CBCAEA2-41A8-44DD-BB55-C7E306DFF5DA}.Debug|x86.Build.0 = Debug|Any CPU
		{7CBCAEA2-41A8-44DD-BB55-C7E306DFF5DA}.Release|Any CPU.ActiveCfg = Release|Any CPU
		{7CBCAEA2-41A8-44DD-BB55-C7E306DFF5DA}.Release|Any CPU.Build.0 = Release|Any CPU
		{7CBCAEA2-41A8-44DD-BB55-C7E306DFF5DA}.Release|x64.ActiveCfg = Release|Any CPU
		{7CBCAEA2-41A8-44DD-BB55-C7E306DFF5DA}.Release|x64.Build.0 = Release|Any CPU
		{7CBCAEA2-41A8-44DD-BB55-C7E306DFF5DA}.Release|x86.ActiveCfg = Release|Any CPU
		{7CBCAEA2-41A8-44DD-BB55-C7E306DFF5DA}.Release|x86.Build.0 = Release|Any CPU
		{F8B7D65D-9483-4651-889F-A211604FEED3}.Debug|Any CPU.ActiveCfg = Debug|Any CPU
		{F8B7D65D-9483-4651-889F-A211604FEED3}.Debug|Any CPU.Build.0 = Debug|Any CPU
		{F8B7D65D-9483-4651-889F-A211604FEED3}.Debug|x64.ActiveCfg = Debug|Any CPU
		{F8B7D65D-9483-4651-889F-A211604FEED3}.Debug|x64.Build.0 = Debug|Any CPU
		{F8B7D65D-9483-4651-889F-A211604FEED3}.Debug|x86.ActiveCfg = Debug|Any CPU
		{F8B7D65D-9483-4651-889F-A211604FEED3}.Debug|x86.Build.0 = Debug|Any CPU
		{F8B7D65D-9483-4651-889F-A211604FEED3}.Release|Any CPU.ActiveCfg = Release|Any CPU
		{F8B7D65D-9483-4651-889F-A211604FEED3}.Release|Any CPU.Build.0 = Release|Any CPU
		{F8B7D65D-9483-4651-889F-A211604FEED3}.Release|x64.ActiveCfg = Release|Any CPU
		{F8B7D65D-9483-4651-889F-A211604FEED3}.Release|x64.Build.0 = Release|Any CPU
		{F8B7D65D-9483-4651-889F-A211604FEED3}.Release|x86.ActiveCfg = Release|Any CPU
		{F8B7D65D-9483-4651-889F-A211604FEED3}.Release|x86.Build.0 = Release|Any CPU
		{97640865-46A9-43DA-BF28-3482F3794502}.Debug|Any CPU.ActiveCfg = Debug|Any CPU
		{97640865-46A9-43DA-BF28-3482F3794502}.Debug|Any CPU.Build.0 = Debug|Any CPU
		{97640865-46A9-43DA-BF28-3482F3794502}.Debug|x64.ActiveCfg = Debug|Any CPU
		{97640865-46A9-43DA-BF28-3482F3794502}.Debug|x64.Build.0 = Debug|Any CPU
		{97640865-46A9-43DA-BF28-3482F3794502}.Debug|x86.ActiveCfg = Debug|Any CPU
		{97640865-46A9-43DA-BF28-3482F3794502}.Debug|x86.Build.0 = Debug|Any CPU
		{97640865-46A9-43DA-BF28-3482F3794502}.Release|Any CPU.ActiveCfg = Release|Any CPU
		{97640865-46A9-43DA-BF28-3482F3794502}.Release|Any CPU.Build.0 = Release|Any CPU
		{97640865-46A9-43DA-BF28-3482F3794502}.Release|x64.ActiveCfg = Release|Any CPU
		{97640865-46A9-43DA-BF28-3482F3794502}.Release|x64.Build.0 = Release|Any CPU
		{97640865-46A9-43DA-BF28-3482F3794502}.Release|x86.ActiveCfg = Release|Any CPU
		{97640865-46A9-43DA-BF28-3482F3794502}.Release|x86.Build.0 = Release|Any CPU
		{8E734402-F3A4-4395-816B-FFE8695E0399}.Debug|Any CPU.ActiveCfg = Debug|Any CPU
		{8E734402-F3A4-4395-816B-FFE8695E0399}.Debug|Any CPU.Build.0 = Debug|Any CPU
		{8E734402-F3A4-4395-816B-FFE8695E0399}.Debug|x64.ActiveCfg = Debug|Any CPU
		{8E734402-F3A4-4395-816B-FFE8695E0399}.Debug|x64.Build.0 = Debug|Any CPU
		{8E734402-F3A4-4395-816B-FFE8695E0399}.Debug|x86.ActiveCfg = Debug|Any CPU
		{8E734402-F3A4-4395-816B-FFE8695E0399}.Debug|x86.Build.0 = Debug|Any CPU
		{8E734402-F3A4-4395-816B-FFE8695E0399}.Release|Any CPU.ActiveCfg = Release|Any CPU
		{8E734402-F3A4-4395-816B-FFE8695E0399}.Release|Any CPU.Build.0 = Release|Any CPU
		{8E734402-F3A4-4395-816B-FFE8695E0399}.Release|x64.ActiveCfg = Release|Any CPU
		{8E734402-F3A4-4395-816B-FFE8695E0399}.Release|x64.Build.0 = Release|Any CPU
		{8E734402-F3A4-4395-816B-FFE8695E0399}.Release|x86.ActiveCfg = Release|Any CPU
		{8E734402-F3A4-4395-816B-FFE8695E0399}.Release|x86.Build.0 = Release|Any CPU
		{E0D367ED-4695-46B2-8E6B-68BEC35F9431}.Debug|Any CPU.ActiveCfg = Debug|Any CPU
		{E0D367ED-4695-46B2-8E6B-68BEC35F9431}.Debug|Any CPU.Build.0 = Debug|Any CPU
		{E0D367ED-4695-46B2-8E6B-68BEC35F9431}.Debug|x64.ActiveCfg = Debug|Any CPU
		{E0D367ED-4695-46B2-8E6B-68BEC35F9431}.Debug|x64.Build.0 = Debug|Any CPU
		{E0D367ED-4695-46B2-8E6B-68BEC35F9431}.Debug|x86.ActiveCfg = Debug|Any CPU
		{E0D367ED-4695-46B2-8E6B-68BEC35F9431}.Debug|x86.Build.0 = Debug|Any CPU
		{E0D367ED-4695-46B2-8E6B-68BEC35F9431}.Release|Any CPU.ActiveCfg = Release|Any CPU
		{E0D367ED-4695-46B2-8E6B-68BEC35F9431}.Release|Any CPU.Build.0 = Release|Any CPU
		{E0D367ED-4695-46B2-8E6B-68BEC35F9431}.Release|x64.ActiveCfg = Release|Any CPU
		{E0D367ED-4695-46B2-8E6B-68BEC35F9431}.Release|x64.Build.0 = Release|Any CPU
		{E0D367ED-4695-46B2-8E6B-68BEC35F9431}.Release|x86.ActiveCfg = Release|Any CPU
		{E0D367ED-4695-46B2-8E6B-68BEC35F9431}.Release|x86.Build.0 = Release|Any CPU
		{AD3D9D54-0B39-45E0-9502-19E68CA096A3}.Debug|Any CPU.ActiveCfg = Debug|Any CPU
		{AD3D9D54-0B39-45E0-9502-19E68CA096A3}.Debug|Any CPU.Build.0 = Debug|Any CPU
		{AD3D9D54-0B39-45E0-9502-19E68CA096A3}.Debug|x64.ActiveCfg = Debug|Any CPU
		{AD3D9D54-0B39-45E0-9502-19E68CA096A3}.Debug|x64.Build.0 = Debug|Any CPU
		{AD3D9D54-0B39-45E0-9502-19E68CA096A3}.Debug|x86.ActiveCfg = Debug|Any CPU
		{AD3D9D54-0B39-45E0-9502-19E68CA096A3}.Debug|x86.Build.0 = Debug|Any CPU
		{AD3D9D54-0B39-45E0-9502-19E68CA096A3}.Release|Any CPU.ActiveCfg = Release|Any CPU
		{AD3D9D54-0B39-45E0-9502-19E68CA096A3}.Release|Any CPU.Build.0 = Release|Any CPU
		{AD3D9D54-0B39-45E0-9502-19E68CA096A3}.Release|x64.ActiveCfg = Release|Any CPU
		{AD3D9D54-0B39-45E0-9502-19E68CA096A3}.Release|x64.Build.0 = Release|Any CPU
		{AD3D9D54-0B39-45E0-9502-19E68CA096A3}.Release|x86.ActiveCfg = Release|Any CPU
		{AD3D9D54-0B39-45E0-9502-19E68CA096A3}.Release|x86.Build.0 = Release|Any CPU
		{426AFDA8-6E99-4D55-9B27-134EB2843165}.Debug|Any CPU.ActiveCfg = Debug|Any CPU
		{426AFDA8-6E99-4D55-9B27-134EB2843165}.Debug|Any CPU.Build.0 = Debug|Any CPU
		{426AFDA8-6E99-4D55-9B27-134EB2843165}.Debug|x64.ActiveCfg = Debug|Any CPU
		{426AFDA8-6E99-4D55-9B27-134EB2843165}.Debug|x64.Build.0 = Debug|Any CPU
		{426AFDA8-6E99-4D55-9B27-134EB2843165}.Debug|x86.ActiveCfg = Debug|Any CPU
		{426AFDA8-6E99-4D55-9B27-134EB2843165}.Debug|x86.Build.0 = Debug|Any CPU
		{426AFDA8-6E99-4D55-9B27-134EB2843165}.Release|Any CPU.ActiveCfg = Release|Any CPU
		{426AFDA8-6E99-4D55-9B27-134EB2843165}.Release|Any CPU.Build.0 = Release|Any CPU
		{426AFDA8-6E99-4D55-9B27-134EB2843165}.Release|x64.ActiveCfg = Release|Any CPU
		{426AFDA8-6E99-4D55-9B27-134EB2843165}.Release|x64.Build.0 = Release|Any CPU
		{426AFDA8-6E99-4D55-9B27-134EB2843165}.Release|x86.ActiveCfg = Release|Any CPU
		{426AFDA8-6E99-4D55-9B27-134EB2843165}.Release|x86.Build.0 = Release|Any CPU
		{5302E565-4D74-4D1F-8B23-27BD8D94F43C}.Debug|Any CPU.ActiveCfg = Debug|Any CPU
		{5302E565-4D74-4D1F-8B23-27BD8D94F43C}.Debug|Any CPU.Build.0 = Debug|Any CPU
		{5302E565-4D74-4D1F-8B23-27BD8D94F43C}.Debug|x64.ActiveCfg = Debug|Any CPU
		{5302E565-4D74-4D1F-8B23-27BD8D94F43C}.Debug|x64.Build.0 = Debug|Any CPU
		{5302E565-4D74-4D1F-8B23-27BD8D94F43C}.Debug|x86.ActiveCfg = Debug|Any CPU
		{5302E565-4D74-4D1F-8B23-27BD8D94F43C}.Debug|x86.Build.0 = Debug|Any CPU
		{5302E565-4D74-4D1F-8B23-27BD8D94F43C}.Release|Any CPU.ActiveCfg = Release|Any CPU
		{5302E565-4D74-4D1F-8B23-27BD8D94F43C}.Release|Any CPU.Build.0 = Release|Any CPU
		{5302E565-4D74-4D1F-8B23-27BD8D94F43C}.Release|x64.ActiveCfg = Release|Any CPU
		{5302E565-4D74-4D1F-8B23-27BD8D94F43C}.Release|x64.Build.0 = Release|Any CPU
		{5302E565-4D74-4D1F-8B23-27BD8D94F43C}.Release|x86.ActiveCfg = Release|Any CPU
		{5302E565-4D74-4D1F-8B23-27BD8D94F43C}.Release|x86.Build.0 = Release|Any CPU
	EndGlobalSection
	GlobalSection(SolutionProperties) = preSolution
		HideSolutionNode = FALSE
	EndGlobalSection
	GlobalSection(ExtensibilityGlobals) = postSolution
		SolutionGuid = {9B27E73B-5BBE-4465-9138-B85A0BCB4A43}
	EndGlobalSection
EndGlobal
